
Microsoft Visual Studio Solution File, Format Version 12.00
# Visual Studio 15
VisualStudioVersion = 15.0.27428.2005
MinimumVisualStudioVersion = 10.0.40219.1
Project("{FAE04EC0-301F-11D3-BF4B-00C04F79EFBC}") = "Sort-Search_Library", "Sort-Search_Library\Sort-Search_Library.csproj", "{04EAD91A-ABAB-49EB-BB63-A551E9D6EE5B}"
EndProject
Global
	GlobalSection(SolutionConfigurationPlatforms) = preSolution
		Debug|Any CPU = Debug|Any CPU
		Release|Any CPU = Release|Any CPU
	EndGlobalSection
	GlobalSection(ProjectConfigurationPlatforms) = postSolution
		{04EAD91A-ABAB-49EB-BB63-A551E9D6EE5B}.Debug|Any CPU.ActiveCfg = Debug|Any CPU
		{04EAD91A-ABAB-49EB-BB63-A551E9D6EE5B}.Debug|Any CPU.Build.0 = Debug|Any CPU
		{04EAD91A-ABAB-49EB-BB63-A551E9D6EE5B}.Release|Any CPU.ActiveCfg = Release|Any CPU
		{04EAD91A-ABAB-49EB-BB63-A551E9D6EE5B}.Release|Any CPU.Build.0 = Release|Any CPU
	EndGlobalSection
	GlobalSection(SolutionProperties) = preSolution
		HideSolutionNode = FALSE
	EndGlobalSection
	GlobalSection(ExtensibilityGlobals) = postSolution
		SolutionGuid = {C571A5AB-F3CD-4221-BFBB-65C94D6FBF59}
	EndGlobalSection
EndGlobal
